// !$*UTF8*$!
{
	archiveVersion = 1;
	classes = {
	};
	objectVersion = 50;
	objects = {

/* Begin PBXBuildFile section */
		291F5CF225F44058001043B8 /* AppDelegate.swift in Sources */ = {isa = PBXBuildFile; fileRef = 291F5CF125F44058001043B8 /* AppDelegate.swift */; };
		291F5CF425F44058001043B8 /* SceneDelegate.swift in Sources */ = {isa = PBXBuildFile; fileRef = 291F5CF325F44058001043B8 /* SceneDelegate.swift */; };
		291F5CF625F44058001043B8 /* ViewController.swift in Sources */ = {isa = PBXBuildFile; fileRef = 291F5CF525F44058001043B8 /* ViewController.swift */; };
		291F5CF925F44058001043B8 /* Main.storyboard in Resources */ = {isa = PBXBuildFile; fileRef = 291F5CF725F44058001043B8 /* Main.storyboard */; };
		291F5CFB25F4405D001043B8 /* Assets.xcassets in Resources */ = {isa = PBXBuildFile; fileRef = 291F5CFA25F4405D001043B8 /* Assets.xcassets */; };
		291F5CFE25F4405D001043B8 /* LaunchScreen.storyboard in Resources */ = {isa = PBXBuildFile; fileRef = 291F5CFC25F4405D001043B8 /* LaunchScreen.storyboard */; };
		291F5D0925F4405E001043B8 /* PracticeConceptsTests.swift in Sources */ = {isa = PBXBuildFile; fileRef = 291F5D0825F4405E001043B8 /* PracticeConceptsTests.swift */; };
		291F5D1425F4405E001043B8 /* PracticeConceptsUITests.swift in Sources */ = {isa = PBXBuildFile; fileRef = 291F5D1325F4405E001043B8 /* PracticeConceptsUITests.swift */; };
/* End PBXBuildFile section */

/* Begin PBXContainerItemProxy section */
		291F5D0525F4405E001043B8 /* PBXContainerItemProxy */ = {
			isa = PBXContainerItemProxy;
			containerPortal = 291F5CE625F44058001043B8 /* Project object */;
			proxyType = 1;
			remoteGlobalIDString = 291F5CED25F44058001043B8;
			remoteInfo = PracticeConcepts;
		};
		291F5D1025F4405E001043B8 /* PBXContainerItemProxy */ = {
			isa = PBXContainerItemProxy;
			containerPortal = 291F5CE625F44058001043B8 /* Project object */;
			proxyType = 1;
			remoteGlobalIDString = 291F5CED25F44058001043B8;
			remoteInfo = PracticeConcepts;
		};
/* End PBXContainerItemProxy section */

/* Begin PBXFileReference section */
		291F5CEE25F44058001043B8 /* PracticeConcepts.app */ = {isa = PBXFileReference; explicitFileType = wrapper.application; includeInIndex = 0; path = PracticeConcepts.app; sourceTree = BUILT_PRODUCTS_DIR; };
		291F5CF125F44058001043B8 /* AppDelegate.swift */ = {isa = PBXFileReference; lastKnownFileType = sourcecode.swift; path = AppDelegate.swift; sourceTree = "<group>"; };
		291F5CF325F44058001043B8 /* SceneDelegate.swift */ = {isa = PBXFileReference; lastKnownFileType = sourcecode.swift; path = SceneDelegate.swift; sourceTree = "<group>"; };
		291F5CF525F44058001043B8 /* ViewController.swift */ = {isa = PBXFileReference; lastKnownFileType = sourcecode.swift; path = ViewController.swift; sourceTree = "<group>"; };
		291F5CF825F44058001043B8 /* Base */ = {isa = PBXFileReference; lastKnownFileType = file.storyboard; name = Base; path = Base.lproj/Main.storyboard; sourceTree = "<group>"; };
		291F5CFA25F4405D001043B8 /* Assets.xcassets */ = {isa = PBXFileReference; lastKnownFileType = folder.assetcatalog; path = Assets.xcassets; sourceTree = "<group>"; };
		291F5CFD25F4405D001043B8 /* Base */ = {isa = PBXFileReference; lastKnownFileType = file.storyboard; name = Base; path = Base.lproj/LaunchScreen.storyboard; sourceTree = "<group>"; };
		291F5CFF25F4405D001043B8 /* Info.plist */ = {isa = PBXFileReference; lastKnownFileType = text.plist.xml; path = Info.plist; sourceTree = "<group>"; };
		291F5D0425F4405E001043B8 /* PracticeConceptsTests.xctest */ = {isa = PBXFileReference; explicitFileType = wrapper.cfbundle; includeInIndex = 0; path = PracticeConceptsTests.xctest; sourceTree = BUILT_PRODUCTS_DIR; };
		291F5D0825F4405E001043B8 /* PracticeConceptsTests.swift */ = {isa = PBXFileReference; lastKnownFileType = sourcecode.swift; path = PracticeConceptsTests.swift; sourceTree = "<group>"; };
		291F5D0A25F4405E001043B8 /* Info.plist */ = {isa = PBXFileReference; lastKnownFileType = text.plist.xml; path = Info.plist; sourceTree = "<group>"; };
		291F5D0F25F4405E001043B8 /* PracticeConceptsUITests.xctest */ = {isa = PBXFileReference; explicitFileType = wrapper.cfbundle; includeInIndex = 0; path = PracticeConceptsUITests.xctest; sourceTree = BUILT_PRODUCTS_DIR; };
		291F5D1325F4405E001043B8 /* PracticeConceptsUITests.swift */ = {isa = PBXFileReference; lastKnownFileType = sourcecode.swift; path = PracticeConceptsUITests.swift; sourceTree = "<group>"; };
		291F5D1525F4405E001043B8 /* Info.plist */ = {isa = PBXFileReference; lastKnownFileType = text.plist.xml; path = Info.plist; sourceTree = "<group>"; };
/* End PBXFileReference section */

/* Begin PBXFrameworksBuildPhase section */
		291F5CEB25F44058001043B8 /* Frameworks */ = {
			isa = PBXFrameworksBuildPhase;
			buildActionMask = 2147483647;
			files = (
			);
			runOnlyForDeploymentPostprocessing = 0;
		};
		291F5D0125F4405E001043B8 /* Frameworks */ = {
			isa = PBXFrameworksBuildPhase;
			buildActionMask = 2147483647;
			files = (
			);
			runOnlyForDeploymentPostprocessing = 0;
		};
		291F5D0C25F4405E001043B8 /* Frameworks */ = {
			isa = PBXFrameworksBuildPhase;
			buildActionMask = 2147483647;
			files = (
			);
			runOnlyForDeploymentPostprocessing = 0;
		};
/* End PBXFrameworksBuildPhase section */

/* Begin PBXGroup section */
		291F5CE525F44058001043B8 = {
			isa = PBXGroup;
			children = (
				291F5CF025F44058001043B8 /* PracticeConcepts */,
				291F5D0725F4405E001043B8 /* PracticeConceptsTests */,
				291F5D1225F4405E001043B8 /* PracticeConceptsUITests */,
				291F5CEF25F44058001043B8 /* Products */,
			);
			sourceTree = "<group>";
		};
		291F5CEF25F44058001043B8 /* Products */ = {
			isa = PBXGroup;
			children = (
				291F5CEE25F44058001043B8 /* PracticeConcepts.app */,
				291F5D0425F4405E001043B8 /* PracticeConceptsTests.xctest */,
				291F5D0F25F4405E001043B8 /* PracticeConceptsUITests.xctest */,
			);
			name = Products;
			sourceTree = "<group>";
		};
		291F5CF025F44058001043B8 /* PracticeConcepts */ = {
			isa = PBXGroup;
			children = (
				291F5CF125F44058001043B8 /* AppDelegate.swift */,
				291F5CF325F44058001043B8 /* SceneDelegate.swift */,
				291F5CF525F44058001043B8 /* ViewController.swift */,
				291F5CF725F44058001043B8 /* Main.storyboard */,
				291F5CFA25F4405D001043B8 /* Assets.xcassets */,
				291F5CFC25F4405D001043B8 /* LaunchScreen.storyboard */,
				291F5CFF25F4405D001043B8 /* Info.plist */,
			);
			path = PracticeConcepts;
			sourceTree = "<group>";
		};
		291F5D0725F4405E001043B8 /* PracticeConceptsTests */ = {
			isa = PBXGroup;
			children = (
				291F5D0825F4405E001043B8 /* PracticeConceptsTests.swift */,
				291F5D0A25F4405E001043B8 /* Info.plist */,
			);
			path = PracticeConceptsTests;
			sourceTree = "<group>";
		};
		291F5D1225F4405E001043B8 /* PracticeConceptsUITests */ = {
			isa = PBXGroup;
			children = (
				291F5D1325F4405E001043B8 /* PracticeConceptsUITests.swift */,
				291F5D1525F4405E001043B8 /* Info.plist */,
			);
			path = PracticeConceptsUITests;
			sourceTree = "<group>";
		};
/* End PBXGroup section */

/* Begin PBXNativeTarget section */
		291F5CED25F44058001043B8 /* PracticeConcepts */ = {
			isa = PBXNativeTarget;
			buildConfigurationList = 291F5D1825F4405E001043B8 /* Build configuration list for PBXNativeTarget "PracticeConcepts" */;
			buildPhases = (
				291F5CEA25F44058001043B8 /* Sources */,
				291F5CEB25F44058001043B8 /* Frameworks */,
				291F5CEC25F44058001043B8 /* Resources */,
			);
			buildRules = (
			);
			dependencies = (
			);
			name = PracticeConcepts;
			productName = PracticeConcepts;
			productReference = 291F5CEE25F44058001043B8 /* PracticeConcepts.app */;
			productType = "com.apple.product-type.application";
		};
		291F5D0325F4405E001043B8 /* PracticeConceptsTests */ = {
			isa = PBXNativeTarget;
			buildConfigurationList = 291F5D1B25F4405E001043B8 /* Build configuration list for PBXNativeTarget "PracticeConceptsTests" */;
			buildPhases = (
				291F5D0025F4405E001043B8 /* Sources */,
				291F5D0125F4405E001043B8 /* Frameworks */,
				291F5D0225F4405E001043B8 /* Resources */,
			);
			buildRules = (
			);
			dependencies = (
				291F5D0625F4405E001043B8 /* PBXTargetDependency */,
			);
			name = PracticeConceptsTests;
			productName = PracticeConceptsTests;
			productReference = 291F5D0425F4405E001043B8 /* PracticeConceptsTests.xctest */;
			productType = "com.apple.product-type.bundle.unit-test";
		};
		291F5D0E25F4405E001043B8 /* PracticeConceptsUITests */ = {
			isa = PBXNativeTarget;
			buildConfigurationList = 291F5D1E25F4405E001043B8 /* Build configuration list for PBXNativeTarget "PracticeConceptsUITests" */;
			buildPhases = (
				291F5D0B25F4405E001043B8 /* Sources */,
				291F5D0C25F4405E001043B8 /* Frameworks */,
				291F5D0D25F4405E001043B8 /* Resources */,
			);
			buildRules = (
			);
			dependencies = (
				291F5D1125F4405E001043B8 /* PBXTargetDependency */,
			);
			name = PracticeConceptsUITests;
			productName = PracticeConceptsUITests;
			productReference = 291F5D0F25F4405E001043B8 /* PracticeConceptsUITests.xctest */;
			productType = "com.apple.product-type.bundle.ui-testing";
		};
/* End PBXNativeTarget section */

/* Begin PBXProject section */
		291F5CE625F44058001043B8 /* Project object */ = {
			isa = PBXProject;
			attributes = {
				LastSwiftUpdateCheck = 1230;
				LastUpgradeCheck = 1230;
				TargetAttributes = {
					291F5CED25F44058001043B8 = {
						CreatedOnToolsVersion = 12.3;
					};
					291F5D0325F4405E001043B8 = {
						CreatedOnToolsVersion = 12.3;
						TestTargetID = 291F5CED25F44058001043B8;
					};
					291F5D0E25F4405E001043B8 = {
						CreatedOnToolsVersion = 12.3;
						TestTargetID = 291F5CED25F44058001043B8;
					};
				};
			};
			buildConfigurationList = 291F5CE925F44058001043B8 /* Build configuration list for PBXProject "PracticeConcepts" */;
			compatibilityVersion = "Xcode 9.3";
			developmentRegion = en;
			hasScannedForEncodings = 0;
			knownRegions = (
				en,
				Base,
			);
			mainGroup = 291F5CE525F44058001043B8;
			productRefGroup = 291F5CEF25F44058001043B8 /* Products */;
			projectDirPath = "";
			projectRoot = "";
			targets = (
				291F5CED25F44058001043B8 /* PracticeConcepts */,
				291F5D0325F4405E001043B8 /* PracticeConceptsTests */,
				291F5D0E25F4405E001043B8 /* PracticeConceptsUITests */,
			);
		};
/* End PBXProject section */

/* Begin PBXResourcesBuildPhase section */
		291F5CEC25F44058001043B8 /* Resources */ = {
			isa = PBXResourcesBuildPhase;
			buildActionMask = 2147483647;
			files = (
				291F5CFE25F4405D001043B8 /* LaunchScreen.storyboard in Resources */,
				291F5CFB25F4405D001043B8 /* Assets.xcassets in Resources */,
				291F5CF925F44058001043B8 /* Main.storyboard in Resources */,
			);
			runOnlyForDeploymentPostprocessing = 0;
		};
		291F5D0225F4405E001043B8 /* Resources */ = {
			isa = PBXResourcesBuildPhase;
			buildActionMask = 2147483647;
			files = (
			);
			runOnlyForDeploymentPostprocessing = 0;
		};
		291F5D0D25F4405E001043B8 /* Resources */ = {
			isa = PBXResourcesBuildPhase;
			buildActionMask = 2147483647;
			files = (
			);
			runOnlyForDeploymentPostprocessing = 0;
		};
/* End PBXResourcesBuildPhase section */

/* Begin PBXSourcesBuildPhase section */
		291F5CEA25F44058001043B8 /* Sources */ = {
			isa = PBXSourcesBuildPhase;
			buildActionMask = 2147483647;
			files = (
				291F5CF625F44058001043B8 /* ViewController.swift in Sources */,
				291F5CF225F44058001043B8 /* AppDelegate.swift in Sources */,
				291F5CF425F44058001043B8 /* SceneDelegate.swift in Sources */,
			);
			runOnlyForDeploymentPostprocessing = 0;
		};
		291F5D0025F4405E001043B8 /* Sources */ = {
			isa = PBXSourcesBuildPhase;
			buildActionMask = 2147483647;
			files = (
				291F5D0925F4405E001043B8 /* PracticeConceptsTests.swift in Sources */,
			);
			runOnlyForDeploymentPostprocessing = 0;
		};
		291F5D0B25F4405E001043B8 /* Sources */ = {
			isa = PBXSourcesBuildPhase;
			buildActionMask = 2147483647;
			files = (
				291F5D1425F4405E001043B8 /* PracticeConceptsUITests.swift in Sources */,
			);
			runOnlyForDeploymentPostprocessing = 0;
		};
/* End PBXSourcesBuildPhase section */

/* Begin PBXTargetDependency section */
		291F5D0625F4405E001043B8 /* PBXTargetDependency */ = {
			isa = PBXTargetDependency;
			target = 291F5CED25F44058001043B8 /* PracticeConcepts */;
			targetProxy = 291F5D0525F4405E001043B8 /* PBXContainerItemProxy */;
		};
		291F5D1125F4405E001043B8 /* PBXTargetDependency */ = {
			isa = PBXTargetDependency;
			target = 291F5CED25F44058001043B8 /* PracticeConcepts */;
			targetProxy = 291F5D1025F4405E001043B8 /* PBXContainerItemProxy */;
		};
/* End PBXTargetDependency section */

/* Begin PBXVariantGroup section */
		291F5CF725F44058001043B8 /* Main.storyboard */ = {
			isa = PBXVariantGroup;
			children = (
				291F5CF825F44058001043B8 /* Base */,
			);
			name = Main.storyboard;
			sourceTree = "<group>";
		};
		291F5CFC25F4405D001043B8 /* LaunchScreen.storyboard */ = {
			isa = PBXVariantGroup;
			children = (
				291F5CFD25F4405D001043B8 /* Base */,
			);
			name = LaunchScreen.storyboard;
			sourceTree = "<group>";
		};
/* End PBXVariantGroup section */

/* Begin XCBuildConfiguration section */
		291F5D1625F4405E001043B8 /* Debug */ = {
			isa = XCBuildConfiguration;
			buildSettings = {
				ALWAYS_SEARCH_USER_PATHS = NO;
				CLANG_ANALYZER_NONNULL = YES;
				CLANG_ANALYZER_NUMBER_OBJECT_CONVERSION = YES_AGGRESSIVE;
				CLANG_CXX_LANGUAGE_STANDARD = "gnu++14";
				CLANG_CXX_LIBRARY = "libc++";
				CLANG_ENABLE_MODULES = YES;
				CLANG_ENABLE_OBJC_ARC = YES;
				CLANG_ENABLE_OBJC_WEAK = YES;
				CLANG_WARN_BLOCK_CAPTURE_AUTORELEASING = YES;
				CLANG_WARN_BOOL_CONVERSION = YES;
				CLANG_WARN_COMMA = YES;
				CLANG_WARN_CONSTANT_CONVERSION = YES;
				CLANG_WARN_DEPRECATED_OBJC_IMPLEMENTATIONS = YES;
				CLANG_WARN_DIRECT_OBJC_ISA_USAGE = YES_ERROR;
				CLANG_WARN_DOCUMENTATION_COMMENTS = YES;
				CLANG_WARN_EMPTY_BODY = YES;
				CLANG_WARN_ENUM_CONVERSION = YES;
				CLANG_WARN_INFINITE_RECURSION = YES;
				CLANG_WARN_INT_CONVERSION = YES;
				CLANG_WARN_NON_LITERAL_NULL_CONVERSION = YES;
				CLANG_WARN_OBJC_IMPLICIT_RETAIN_SELF = YES;
				CLANG_WARN_OBJC_LITERAL_CONVERSION = YES;
				CLANG_WARN_OBJC_ROOT_CLASS = YES_ERROR;
				CLANG_WARN_QUOTED_INCLUDE_IN_FRAMEWORK_HEADER = YES;
				CLANG_WARN_RANGE_LOOP_ANALYSIS = YES;
				CLANG_WARN_STRICT_PROTOTYPES = YES;
				CLANG_WARN_SUSPICIOUS_MOVE = YES;
				CLANG_WARN_UNGUARDED_AVAILABILITY = YES_AGGRESSIVE;
				CLANG_WARN_UNREACHABLE_CODE = YES;
				CLANG_WARN__DUPLICATE_METHOD_MATCH = YES;
				COPY_PHASE_STRIP = NO;
				DEBUG_INFORMATION_FORMAT = dwarf;
				ENABLE_STRICT_OBJC_MSGSEND = YES;
				ENABLE_TESTABILITY = YES;
				GCC_C_LANGUAGE_STANDARD = gnu11;
				GCC_DYNAMIC_NO_PIC = NO;
				GCC_NO_COMMON_BLOCKS = YES;
				GCC_OPTIMIZATION_LEVEL = 0;
				GCC_PREPROCESSOR_DEFINITIONS = (
					"DEBUG=1",
					"$(inherited)",
				);
				GCC_WARN_64_TO_32_BIT_CONVERSION = YES;
				GCC_WARN_ABOUT_RETURN_TYPE = YES_ERROR;
				GCC_WARN_UNDECLARED_SELECTOR = YES;
				GCC_WARN_UNINITIALIZED_AUTOS = YES_AGGRESSIVE;
				GCC_WARN_UNUSED_FUNCTION = YES;
				GCC_WARN_UNUSED_VARIABLE = YES;
				IPHONEOS_DEPLOYMENT_TARGET = 14.3;
				MTL_ENABLE_DEBUG_INFO = INCLUDE_SOURCE;
				MTL_FAST_MATH = YES;
				ONLY_ACTIVE_ARCH = YES;
				SDKROOT = iphoneos;
				SWIFT_ACTIVE_COMPILATION_CONDITIONS = DEBUG;
				SWIFT_OPTIMIZATION_LEVEL = "-Onone";
			};
			name = Debug;
		};
		291F5D1725F4405E001043B8 /* Release */ = {
			isa = XCBuildConfiguration;
			buildSettings = {
				ALWAYS_SEARCH_USER_PATHS = NO;
				CLANG_ANALYZER_NONNULL = YES;
				CLANG_ANALYZER_NUMBER_OBJECT_CONVERSION = YES_AGGRESSIVE;
				CLANG_CXX_LANGUAGE_STANDARD = "gnu++14";
				CLANG_CXX_LIBRARY = "libc++";
				CLANG_ENABLE_MODULES = YES;
				CLANG_ENABLE_OBJC_ARC = YES;
				CLANG_ENABLE_OBJC_WEAK = YES;
				CLANG_WARN_BLOCK_CAPTURE_AUTORELEASING = YES;
				CLANG_WARN_BOOL_CONVERSION = YES;
				CLANG_WARN_COMMA = YES;
				CLANG_WARN_CONSTANT_CONVERSION = YES;
				CLANG_WARN_DEPRECATED_OBJC_IMPLEMENTATIONS = YES;
				CLANG_WARN_DIRECT_OBJC_ISA_USAGE = YES_ERROR;
				CLANG_WARN_DOCUMENTATION_COMMENTS = YES;
				CLANG_WARN_EMPTY_BODY = YES;
				CLANG_WARN_ENUM_CONVERSION = YES;
				CLANG_WARN_INFINITE_RECURSION = YES;
				CLANG_WARN_INT_CONVERSION = YES;
				CLANG_WARN_NON_LITERAL_NULL_CONVERSION = YES;
				CLANG_WARN_OBJC_IMPLICIT_RETAIN_SELF = YES;
				CLANG_WARN_OBJC_LITERAL_CONVERSION = YES;
				CLANG_WARN_OBJC_ROOT_CLASS = YES_ERROR;
				CLANG_WARN_QUOTED_INCLUDE_IN_FRAMEWORK_HEADER = YES;
				CLANG_WARN_RANGE_LOOP_ANALYSIS = YES;
				CLANG_WARN_STRICT_PROTOTYPES = YES;
				CLANG_WARN_SUSPICIOUS_MOVE = YES;
				CLANG_WARN_UNGUARDED_AVAILABILITY = YES_AGGRESSIVE;
				CLANG_WARN_UNREACHABLE_CODE = YES;
				CLANG_WARN__DUPLICATE_METHOD_MATCH = YES;
				COPY_PHASE_STRIP = NO;
				DEBUG_INFORMATION_FORMAT = "dwarf-with-dsym";
				ENABLE_NS_ASSERTIONS = NO;
				ENABLE_STRICT_OBJC_MSGSEND = YES;
				GCC_C_LANGUAGE_STANDARD = gnu11;
				GCC_NO_COMMON_BLOCKS = YES;
				GCC_WARN_64_TO_32_BIT_CONVERSION = YES;
				GCC_WARN_ABOUT_RETURN_TYPE = YES_ERROR;
				GCC_WARN_UNDECLARED_SELECTOR = YES;
				GCC_WARN_UNINITIALIZED_AUTOS = YES_AGGRESSIVE;
				GCC_WARN_UNUSED_FUNCTION = YES;
				GCC_WARN_UNUSED_VARIABLE = YES;
				IPHONEOS_DEPLOYMENT_TARGET = 14.3;
				MTL_ENABLE_DEBUG_INFO = NO;
				MTL_FAST_MATH = YES;
				SDKROOT = iphoneos;
				SWIFT_COMPILATION_MODE = wholemodule;
				SWIFT_OPTIMIZATION_LEVEL = "-O";
				VALIDATE_PRODUCT = YES;
			};
			name = Release;
		};
		291F5D1925F4405E001043B8 /* Debug */ = {
			isa = XCBuildConfiguration;
			buildSettings = {
				ASSETCATALOG_COMPILER_APPICON_NAME = AppIcon;
				ASSETCATALOG_COMPILER_GLOBAL_ACCENT_COLOR_NAME = AccentColor;
				CODE_SIGN_STYLE = Automatic;
				DEVELOPMENT_TEAM = 42GY7W92A3;
				INFOPLIST_FILE = PracticeConcepts/Info.plist;
				LD_RUNPATH_SEARCH_PATHS = (
					"$(inherited)",
					"@executable_path/Frameworks",
				);
				PRODUCT_BUNDLE_IDENTIFIER = com.erictom.PracticeConcepts;
				PRODUCT_NAME = "$(TARGET_NAME)";
				SWIFT_VERSION = 5.0;
				TARGETED_DEVICE_FAMILY = "1,2";
			};
			name = Debug;
		};
		291F5D1A25F4405E001043B8 /* Release */ = {
			isa = XCBuildConfiguration;
			buildSettings = {
				ASSETCATALOG_COMPILER_APPICON_NAME = AppIcon;
				ASSETCATALOG_COMPILER_GLOBAL_ACCENT_COLOR_NAME = AccentColor;
				CODE_SIGN_STYLE = Automatic;
				DEVELOPMENT_TEAM = 42GY7W92A3;
				INFOPLIST_FILE = PracticeConcepts/Info.plist;
				LD_RUNPATH_SEARCH_PATHS = (
					"$(inherited)",
					"@executable_path/Frameworks",
				);
				PRODUCT_BUNDLE_IDENTIFIER = com.erictom.PracticeConcepts;
				PRODUCT_NAME = "$(TARGET_NAME)";
				SWIFT_VERSION = 5.0;
				TARGETED_DEVICE_FAMILY = "1,2";
			};
			name = Release;
		};
		291F5D1C25F4405E001043B8 /* Debug */ = {
			isa = XCBuildConfiguration;
			buildSettings = {
				ALWAYS_EMBED_SWIFT_STANDARD_LIBRARIES = YES;
				BUNDLE_LOADER = "$(TEST_HOST)";
				CODE_SIGN_STYLE = Automatic;
				DEVELOPMENT_TEAM = 42GY7W92A3;
				INFOPLIST_FILE = PracticeConceptsTests/Info.plist;
				IPHONEOS_DEPLOYMENT_TARGET = 14.3;
				LD_RUNPATH_SEARCH_PATHS = (
					"$(inherited)",
					"@executable_path/Frameworks",
					"@loader_path/Frameworks",
				);
				PRODUCT_BUNDLE_IDENTIFIER = com.erictom.PracticeConceptsTests;
				PRODUCT_NAME = "$(TARGET_NAME)";
				SWIFT_VERSION = 5.0;
				TARGETED_DEVICE_FAMILY = "1,2";
				TEST_HOST = "$(BUILT_PRODUCTS_DIR)/PracticeConcepts.app/PracticeConcepts";
			};
			name = Debug;
		};
		291F5D1D25F4405E001043B8 /* Release */ = {
			isa = XCBuildConfiguration;
			buildSettings = {
				ALWAYS_EMBED_SWIFT_STANDARD_LIBRARIES = YES;
				BUNDLE_LOADER = "$(TEST_HOST)";
				CODE_SIGN_STYLE = Automatic;
				DEVELOPMENT_TEAM = 42GY7W92A3;
				INFOPLIST_FILE = PracticeConceptsTests/Info.plist;
				IPHONEOS_DEPLOYMENT_TARGET = 14.3;
				LD_RUNPATH_SEARCH_PATHS = (
					"$(inherited)",
					"@executable_path/Frameworks",
					"@loader_path/Frameworks",
				);
				PRODUCT_BUNDLE_IDENTIFIER = com.erictom.PracticeConceptsTests;
				PRODUCT_NAME = "$(TARGET_NAME)";
				SWIFT_VERSION = 5.0;
				TARGETED_DEVICE_FAMILY = "1,2";
				TEST_HOST = "$(BUILT_PRODUCTS_DIR)/PracticeConcepts.app/PracticeConcepts";
			};
			name = Release;
		};
		291F5D1F25F4405E001043B8 /* Debug */ = {
			isa = XCBuildConfiguration;
			buildSettings = {
				ALWAYS_EMBED_SWIFT_STANDARD_LIBRARIES = YES;
				CODE_SIGN_STYLE = Automatic;
				DEVELOPMENT_TEAM = 42GY7W92A3;
				INFOPLIST_FILE = PracticeConceptsUITests/Info.plist;
				LD_RUNPATH_SEARCH_PATHS = (
					"$(inherited)",
					"@executable_path/Frameworks",
					"@loader_path/Frameworks",
				);
				PRODUCT_BUNDLE_IDENTIFIER = com.erictom.PracticeConceptsUITests;
				PRODUCT_NAME = "$(TARGET_NAME)";
				SWIFT_VERSION = 5.0;
				TARGETED_DEVICE_FAMILY = "1,2";
				TEST_TARGET_NAME = PracticeConcepts;
			};
			name = Debug;
		};
		291F5D2025F4405E001043B8 /* Release */ = {
			isa = XCBuildConfiguration;
			buildSettings = {
				ALWAYS_EMBED_SWIFT_STANDARD_LIBRARIES = YES;
				CODE_SIGN_STYLE = Automatic;
				DEVELOPMENT_TEAM = 42GY7W92A3;
				INFOPLIST_FILE = PracticeConceptsUITests/Info.plist;
				LD_RUNPATH_SEARCH_PATHS = (
					"$(inherited)",
					"@executable_path/Frameworks",
					"@loader_path/Frameworks",
				);
				PRODUCT_BUNDLE_IDENTIFIER = com.erictom.PracticeConceptsUITests;
				PRODUCT_NAME = "$(TARGET_NAME)";
				SWIFT_VERSION = 5.0;
				TARGETED_DEVICE_FAMILY = "1,2";
				TEST_TARGET_NAME = PracticeConcepts;
			};
			name = Release;
		};
/* End XCBuildConfiguration section */

/* Begin XCConfigurationList section */
		291F5CE925F44058001043B8 /* Build configuration list for PBXProject "PracticeConcepts" */ = {
			isa = XCConfigurationList;
			buildConfigurations = (
				291F5D1625F4405E001043B8 /* Debug */,
				291F5D1725F4405E001043B8 /* Release */,
			);
			defaultConfigurationIsVisible = 0;
			defaultConfigurationName = Release;
		};
		291F5D1825F4405E001043B8 /* Build configuration list for PBXNativeTarget "PracticeConcepts" */ = {
			isa = XCConfigurationList;
			buildConfigurations = (
				291F5D1925F4405E001043B8 /* Debug */,
				291F5D1A25F4405E001043B8 /* Release */,
			);
			defaultConfigurationIsVisible = 0;
			defaultConfigurationName = Release;
		};
		291F5D1B25F4405E001043B8 /* Build configuration list for PBXNativeTarget "PracticeConceptsTests" */ = {
			isa = XCConfigurationList;
			buildConfigurations = (
				291F5D1C25F4405E001043B8 /* Debug */,
				291F5D1D25F4405E001043B8 /* Release */,
			);
			defaultConfigurationIsVisible = 0;
			defaultConfigurationName = Release;
		};
		291F5D1E25F4405E001043B8 /* Build configuration list for PBXNativeTarget "PracticeConceptsUITests" */ = {
			isa = XCConfigurationList;
			buildConfigurations = (
				291F5D1F25F4405E001043B8 /* Debug */,
				291F5D2025F4405E001043B8 /* Release */,
			);
			defaultConfigurationIsVisible = 0;
			defaultConfigurationName = Release;
		};
/* End XCConfigurationList section */
	};
	rootObject = 291F5CE625F44058001043B8 /* Project object */;
}
